{
  "version": 4,
  "terraform_version": "1.14.6",
  "serial": 10,
  "lineage": "6dbe9694-0eff-d119-1960-6fd26eaa7740",
  "outputs": {},
  "resources": [
    {
      "module": "module.rg-creation-module",
      "mode": "managed",
      "type": "azurerm_resource_group",
      "name": "rg-qa",
      "provider": "provider[\"registry.terraform.io/hashicorp/azurerm\"]",
      "instances": [
        {
          "index_key": "rg1",
          "schema_version": 0,
          "attributes": {
            "id": "/subscriptions/6ecf205c-2ad8-48a9-bc3f-273293dd3e79/resourceGroups/rg-qa-801",
            "location": "eastus",
            "managed_by": "Archana",
            "name": "rg-qa-801",
            "tags": {},
            "timeouts": null
          },
          "sensitive_attributes": [],
          "identity_schema_version": 0,
          "identity": {
            "name": "rg-qa-801",
            "subscription_id": "6ecf205c-2ad8-48a9-bc3f-273293dd3e79"
          },
          "private": "eyJlMmJmYjczMC1lY2FhLTExZTYtOGY4OC0zNDM2M2JjN2M0YzAiOnsiY3JlYXRlIjo1NDAwMDAwMDAwMDAwLCJkZWxldGUiOjU0MDAwMDAwMDAwMDAsInJlYWQiOjMwMDAwMDAwMDAwMCwidXBkYXRlIjo1NDAwMDAwMDAwMDAwfX0="
        },
        {
          "index_key": "rg2",
          "schema_version": 0,
          "attributes": {
            "id": "/subscriptions/6ecf205c-2ad8-48a9-bc3f-273293dd3e79/resourceGroups/rg-qa-802",
            "location": "centralindia",
            "managed_by": "Reyansh",
            "name": "rg-qa-802",
            "tags": {},
            "timeouts": null
          },
          "sensitive_attributes": [],
          "identity_schema_version": 0,
          "identity": {
            "name": "rg-qa-802",
            "subscription_id": "6ecf205c-2ad8-48a9-bc3f-273293dd3e79"
          },
          "private": "eyJlMmJmYjczMC1lY2FhLTExZTYtOGY4OC0zNDM2M2JjN2M0YzAiOnsiY3JlYXRlIjo1NDAwMDAwMDAwMDAwLCJkZWxldGUiOjU0MDAwMDAwMDAwMDAsInJlYWQiOjMwMDAwMDAwMDAwMCwidXBkYXRlIjo1NDAwMDAwMDAwMDAwfX0="
        }
      ]
    },
    {
      "module": "module.subnet-creation-module",
      "mode": "managed",
      "type": "azurerm_subnet",
      "name": "qa-subnet",
      "provider": "provider[\"registry.terraform.io/hashicorp/azurerm\"]",
      "instances": [
        {
          "index_key": "UI",
          "schema_version": 0,
          "attributes": {
            "address_prefixes": [
              "10.0.1.0/24"
            ],
            "default_outbound_access_enabled": true,
            "delegation": [],
            "id": "/subscriptions/6ecf205c-2ad8-48a9-bc3f-273293dd3e79/resourceGroups/rg-qa-801/providers/Microsoft.Network/virtualNetworks/vnet-qa-001/subnets/app-subnet-01",
            "ip_address_pool": [],
            "name": "app-subnet-01",
            "private_endpoint_network_policies": "Disabled",
            "private_link_service_network_policies_enabled": true,
            "resource_group_name": "rg-qa-801",
            "service_endpoint_policy_ids": null,
            "service_endpoints": null,
            "sharing_scope": "",
            "timeouts": null,
            "virtual_network_name": "vnet-qa-001"
          },
          "sensitive_attributes": [],
          "identity_schema_version": 0,
          "identity": {
            "name": "app-subnet-01",
            "resource_group_name": "rg-qa-801",
            "subscription_id": "6ecf205c-2ad8-48a9-bc3f-273293dd3e79",
            "virtual_network_name": "vnet-qa-001"
          },
          "private": "eyJlMmJmYjczMC1lY2FhLTExZTYtOGY4OC0zNDM2M2JjN2M0YzAiOnsiY3JlYXRlIjoxODAwMDAwMDAwMDAwLCJkZWxldGUiOjE4MDAwMDAwMDAwMDAsInJlYWQiOjMwMDAwMDAwMDAwMCwidXBkYXRlIjoxODAwMDAwMDAwMDAwfX0="
        },
        {
          "index_key": "database",
          "schema_version": 0,
          "attributes": {
            "address_prefixes": [
              "10.0.3.0/24"
            ],
            "default_outbound_access_enabled": true,
            "delegation": [],
            "id": "/subscriptions/6ecf205c-2ad8-48a9-bc3f-273293dd3e79/resourceGroups/rg-qa-801/providers/Microsoft.Network/virtualNetworks/vnet-qa-001/subnets/app-subnet-03",
            "ip_address_pool": [],
            "name": "app-subnet-03",
            "private_endpoint_network_policies": "Disabled",
            "private_link_service_network_policies_enabled": true,
            "resource_group_name": "rg-qa-801",
            "service_endpoint_policy_ids": null,
            "service_endpoints": null,
            "sharing_scope": "",
            "timeouts": null,
            "virtual_network_name": "vnet-qa-001"
          },
          "sensitive_attributes": [],
          "identity_schema_version": 0,
          "identity": {
            "name": "app-subnet-03",
            "resource_group_name": "rg-qa-801",
            "subscription_id": "6ecf205c-2ad8-48a9-bc3f-273293dd3e79",
            "virtual_network_name": "vnet-qa-001"
          },
          "private": "eyJlMmJmYjczMC1lY2FhLTExZTYtOGY4OC0zNDM2M2JjN2M0YzAiOnsiY3JlYXRlIjoxODAwMDAwMDAwMDAwLCJkZWxldGUiOjE4MDAwMDAwMDAwMDAsInJlYWQiOjMwMDAwMDAwMDAwMCwidXBkYXRlIjoxODAwMDAwMDAwMDAwfX0="
        }
      ]
    },
    {
      "module": "module.vnet-creation-module",
      "mode": "managed",
      "type": "azurerm_virtual_network",
      "name": "qa-vnet",
      "provider": "provider[\"registry.terraform.io/hashicorp/azurerm\"]",
      "instances": [
        {
          "index_key": "vnet1",
          "schema_version": 0,
          "attributes": {
            "address_space": [
              "10.0.0.0/16"
            ],
            "bgp_community": "",
            "ddos_protection_plan": [],
            "dns_servers": [],
            "edge_zone": "",
            "encryption": [],
            "flow_timeout_in_minutes": 0,
            "guid": "278af77c-1007-48be-b5f5-3d62ecb3fed7",
            "id": "/subscriptions/6ecf205c-2ad8-48a9-bc3f-273293dd3e79/resourceGroups/rg-qa-801/providers/Microsoft.Network/virtualNetworks/vnet-qa-001",
            "ip_address_pool": [],
            "location": "eastus",
            "name": "vnet-qa-001",
            "private_endpoint_vnet_policies": "Disabled",
            "resource_group_name": "rg-qa-801",
            "subnet": [],
            "tags": {},
            "timeouts": null
          },
          "sensitive_attributes": [],
          "identity_schema_version": 0,
          "identity": {
            "name": "vnet-qa-001",
            "resource_group_name": "rg-qa-801",
            "subscription_id": "6ecf205c-2ad8-48a9-bc3f-273293dd3e79"
          },
          "private": "eyJlMmJmYjczMC1lY2FhLTExZTYtOGY4OC0zNDM2M2JjN2M0YzAiOnsiY3JlYXRlIjoxODAwMDAwMDAwMDAwLCJkZWxldGUiOjE4MDAwMDAwMDAwMDAsInJlYWQiOjMwMDAwMDAwMDAwMCwidXBkYXRlIjoxODAwMDAwMDAwMDAwfX0="
        },
        {
          "index_key": "vnet2",
          "schema_version": 0,
          "attributes": {
            "address_space": [
              "10.1.0.0/16"
            ],
            "bgp_community": "",
            "ddos_protection_plan": [],
            "dns_servers": [],
            "edge_zone": "",
            "encryption": [],
            "flow_timeout_in_minutes": 0,
            "guid": "2f36839b-5440-48d5-848f-641f870f3502",
            "id": "/subscriptions/6ecf205c-2ad8-48a9-bc3f-273293dd3e79/resourceGroups/rg-qa-802/providers/Microsoft.Network/virtualNetworks/vnet-qa-002",
            "ip_address_pool": [],
            "location": "centralindia",
            "name": "vnet-qa-002",
            "private_endpoint_vnet_policies": "Disabled",
            "resource_group_name": "rg-qa-802",
            "subnet": [],
            "tags": {},
            "timeouts": null
          },
          "sensitive_attributes": [],
          "identity_schema_version": 0,
          "identity": {
            "name": "vnet-qa-002",
            "resource_group_name": "rg-qa-802",
            "subscription_id": "6ecf205c-2ad8-48a9-bc3f-273293dd3e79"
          },
          "private": "eyJlMmJmYjczMC1lY2FhLTExZTYtOGY4OC0zNDM2M2JjN2M0YzAiOnsiY3JlYXRlIjoxODAwMDAwMDAwMDAwLCJkZWxldGUiOjE4MDAwMDAwMDAwMDAsInJlYWQiOjMwMDAwMDAwMDAwMCwidXBkYXRlIjoxODAwMDAwMDAwMDAwfX0="
        }
      ]
    }
  ],
  "check_results": null
}
